
Microsoft Visual Studio Solution File, Format Version 12.00
# Visual Studio Version 17
VisualStudioVersion = 17.3.32825.248
MinimumVisualStudioVersion = 10.0.40219.1
Project("{FAE04EC0-301F-11D3-BF4B-00C04F79EFBC}") = "Task9.2", "Task9.2\Task9.2.csproj", "{3B6D3F05-2467-4E8A-9239-D346A14FC819}"
EndProject
Project("{FAE04EC0-301F-11D3-BF4B-00C04F79EFBC}") = "Task9.3", "Task9.3\Task9.3.csproj", "{63ABD015-BEF3-41BC-88BB-2F67148021AF}"
EndProject
Project("{FAE04EC0-301F-11D3-BF4B-00C04F79EFBC}") = "Task9.5", "Task9.5\Task9.5.csproj", "{D06F2369-4670-4003-B55C-A4BAFD7B868E}"
EndProject
Global
	GlobalSection(SolutionConfigurationPlatforms) = preSolution
		Debug|Any CPU = Debug|Any CPU
		Release|Any CPU = Release|Any CPU
	EndGlobalSection
	GlobalSection(ProjectConfigurationPlatforms) = postSolution
		{3B6D3F05-2467-4E8A-9239-D346A14FC819}.Debug|Any CPU.ActiveCfg = Debug|Any CPU
		{3B6D3F05-2467-4E8A-9239-D346A14FC819}.Debug|Any CPU.Build.0 = Debug|Any CPU
		{3B6D3F05-2467-4E8A-9239-D346A14FC819}.Release|Any CPU.ActiveCfg = Release|Any CPU
		{3B6D3F05-2467-4E8A-9239-D346A14FC819}.Release|Any CPU.Build.0 = Release|Any CPU
		{63ABD015-BEF3-41BC-88BB-2F67148021AF}.Debug|Any CPU.ActiveCfg = Debug|Any CPU
		{63ABD015-BEF3-41BC-88BB-2F67148021AF}.Debug|Any CPU.Build.0 = Debug|Any CPU
		{63ABD015-BEF3-41BC-88BB-2F67148021AF}.Release|Any CPU.ActiveCfg = Release|Any CPU
		{63ABD015-BEF3-41BC-88BB-2F67148021AF}.Release|Any CPU.Build.0 = Release|Any CPU
		{D06F2369-4670-4003-B55C-A4BAFD7B868E}.Debug|Any CPU.ActiveCfg = Debug|Any CPU
		{D06F2369-4670-4003-B55C-A4BAFD7B868E}.Debug|Any CPU.Build.0 = Debug|Any CPU
		{D06F2369-4670-4003-B55C-A4BAFD7B868E}.Release|Any CPU.ActiveCfg = Release|Any CPU
		{D06F2369-4670-4003-B55C-A4BAFD7B868E}.Release|Any CPU.Build.0 = Release|Any CPU
	EndGlobalSection
	GlobalSection(SolutionProperties) = preSolution
		HideSolutionNode = FALSE
	EndGlobalSection
	GlobalSection(ExtensibilityGlobals) = postSolution
		SolutionGuid = {BAF603ED-ADA2-4AED-A805-AB7E3EBFBA5C}
	EndGlobalSection
EndGlobal
